github.com/davecgh/go-spew v1.1.1 h1:vj9j/u1bqnvCEfJOwUhtlOARqs3+rkHYY13jYWTU97c=
github.com/nu7hatch/gouuid v0.0.0-20131221200532-179d4d0c4d8d h1:VhgPp6v9qf9Agr/56bj7Y/xa04UccTW04VP0Qed4vnQ=
github.com/nu7hatch/gouuid v0.0.0-20131221200532-179d4d0c4d8d/go.mod h1:YUTz3bUH2ZwIWBy3CJBeOBEugqcmXREj14T+iG/4k4U=
github.com/pmezard/go-difflib v1.0.0 h1:4DBwDE0NGyQoBHbLQYPwSUPoCMWR5BEzIk/f1lZbAQM=
github.com/stretchr/testify v1.8.1 h1:w7B6lhMri9wdJUVmEZPGGhZzrYTPvgJArz7wNPgYKsk=
github.com/swanwish/go-common v1.1.18 h1:lLtAaK9dQJakpbtExfJ7wi/OI4DsjCTOgy7BCcsBFdQ=
github.com/swanwish/go-common v1.1.18/go.mod h1:vlLx6d2Z3+CAUwEH14aY605XUlGa4Vra/Ox68CbRdJc=
gopkg.in/yaml.v3 v3.0.1 h1:fxVm/GzAzEWqLHuvctI91KS9hhNmmWOoWu0XTYJS7CA=
